// !$*UTF8*$!
{
	archiveVersion = 1;
	classes = {
	};
	objectVersion = 46;
	objects = {

/* Begin PBXBuildFile section */
		484AC4F57086708F333A19BC /* Pods_DawnPlusTests.framework in Frameworks */ = {isa = PBXBuildFile; fileRef = 8DC96FBECD76CF0E8137F967 /* Pods_DawnPlusTests.framework */; };
		D01553831ECEAF7600ACF012 /* CoreData.framework in Frameworks */ = {isa = PBXBuildFile; fileRef = D01553821ECEAF7600ACF012 /* CoreData.framework */; };
		D016AA511E9A120A004B387B /* MapKit.framework in Frameworks */ = {isa = PBXBuildFile; fileRef = D016AA4F1E9A11FC004B387B /* MapKit.framework */; };
		D01ED5B41ECC2B1B00AA436C /* AlarmTableViewController.m in Sources */ = {isa = PBXBuildFile; fileRef = D01ED5B31ECC2B1B00AA436C /* AlarmTableViewController.m */; };
		D02394EE1E4945660011C410 /* WeatherFetch.m in Sources */ = {isa = PBXBuildFile; fileRef = D02394ED1E4945660011C410 /* WeatherFetch.m */; };
		D02394F61E494A260011C410 /* GeocodeFetch.m in Sources */ = {isa = PBXBuildFile; fileRef = D02394F51E494A260011C410 /* GeocodeFetch.m */; };
		D02394F91E494B590011C410 /* TrafficFetch.m in Sources */ = {isa = PBXBuildFile; fileRef = D02394F81E494B590011C410 /* TrafficFetch.m */; };
		D028424F1DDEB9C800B3BB87 /* SensitivityViewController.swift in Sources */ = {isa = PBXBuildFile; fileRef = D028424E1DDEB9C800B3BB87 /* SensitivityViewController.swift */; };
		D0382A821CF4101C00905259 /* CoreLocation.framework in Frameworks */ = {isa = PBXBuildFile; fileRef = D0382A811CF4101C00905259 /* CoreLocation.framework */; };
		D03D957E1EE20DF30079247C /* AlarmViews.storyboard in Resources */ = {isa = PBXBuildFile; fileRef = D03D957C1EE20DF30079247C /* AlarmViews.storyboard */; };
		D042E9251F253D3C00C1691A /* QuartzCore.framework in Frameworks */ = {isa = PBXBuildFile; fileRef = D042E9241F253D2300C1691A /* QuartzCore.framework */; };
		D07996121D24B38C003010C8 /* Raleway-Bold.ttf in Resources */ = {isa = PBXBuildFile; fileRef = D07996001D24B38C003010C8 /* Raleway-Bold.ttf */; };
		D07996131D24B38C003010C8 /* Raleway-BoldItalic.ttf in Resources */ = {isa = PBXBuildFile; fileRef = D07996011D24B38C003010C8 /* Raleway-BoldItalic.ttf */; };
		D07996181D24B38C003010C8 /* Raleway-Italic.ttf in Resources */ = {isa = PBXBuildFile; fileRef = D07996061D24B38C003010C8 /* Raleway-Italic.ttf */; };
		D07996191D24B38C003010C8 /* Raleway-Light.ttf in Resources */ = {isa = PBXBuildFile; fileRef = D07996071D24B38C003010C8 /* Raleway-Light.ttf */; };
		D079961A1D24B38C003010C8 /* Raleway-LightItalic.ttf in Resources */ = {isa = PBXBuildFile; fileRef = D07996081D24B38C003010C8 /* Raleway-LightItalic.ttf */; };
		D079961B1D24B38C003010C8 /* Raleway-Medium.ttf in Resources */ = {isa = PBXBuildFile; fileRef = D07996091D24B38C003010C8 /* Raleway-Medium.ttf */; };
		D079961C1D24B38C003010C8 /* Raleway-MediumItalic.ttf in Resources */ = {isa = PBXBuildFile; fileRef = D079960A1D24B38C003010C8 /* Raleway-MediumItalic.ttf */; };
		D079961D1D24B38C003010C8 /* Raleway-Regular.ttf in Resources */ = {isa = PBXBuildFile; fileRef = D079960B1D24B38C003010C8 /* Raleway-Regular.ttf */; };
		D07F797D1F271A5F005464D1 /* DawnPlusTests.m in [CP] Embed Pods Frameworks */ = {isa = PBXBuildFile; fileRef = D0C5F18D1EEE5F97005897CD /* DawnPlusTests.m */; };
		D07F79801F271A91005464D1 /* drone.m4a in Resources */ = {isa = PBXBuildFile; fileRef = D07F797F1F271A90005464D1 /* drone.m4a */; };
		D07F79831F272E6B005464D1 /* LabelViewController.m in Sources */ = {isa = PBXBuildFile; fileRef = D07F79821F272E6B005464D1 /* LabelViewController.m */; };
		D08861901DE00CE0006C7F64 /* UnitsViewController.swift in Sources */ = {isa = PBXBuildFile; fileRef = D088618F1DE00CE0006C7F64 /* UnitsViewController.swift */; };
		D0A0180E1CFA787400E8EECB /* LocationFetch.m in Sources */ = {isa = PBXBuildFile; fileRef = D0A0180D1CFA787400E8EECB /* LocationFetch.m */; };
		D0AEDB481D21D205009475E9 /* Philadelphia - Home.gpx in Resources */ = {isa = PBXBuildFile; fileRef = D0AEDB471D21D205009475E9 /* Philadelphia - Home.gpx */; };
		D0B33FCC1EE3B65700CCAAB7 /* DayTableViewController.m in Sources */ = {isa = PBXBuildFile; fileRef = D0B33FCB1EE3B65600CCAAB7 /* DayTableViewController.m */; };
		D0BB2B141EE24184000092B5 /* AddAlarmViewController.m in Sources */ = {isa = PBXBuildFile; fileRef = D0BB2B131EE24184000092B5 /* AddAlarmViewController.m */; };
		D0C5F18E1EEE5F97005897CD /* DawnPlusTests.m in Sources */ = {isa = PBXBuildFile; fileRef = D0C5F18D1EEE5F97005897CD /* DawnPlusTests.m */; };
		D0C5F1961EEE606D005897CD /* MediaPlayer.framework in Frameworks */ = {isa = PBXBuildFile; fileRef = D0C5F1951EEE6063005897CD /* MediaPlayer.framework */; };
		D0C8821E1ED1642D00D8198E /* CoreDataController.m in Sources */ = {isa = PBXBuildFile; fileRef = D0C8821D1ED1642D00D8198E /* CoreDataController.m */; };
		D0D2CC201F08896B00A19E77 /* SetWorkAddressViewController.swift in Sources */ = {isa = PBXBuildFile; fileRef = D0D2CC1F1F08896B00A19E77 /* SetWorkAddressViewController.swift */; };
		D0D4A2511E674D9700A925A5 /* SettingsViewController.m in Sources */ = {isa = PBXBuildFile; fileRef = D0D4A2501E674D9700A925A5 /* SettingsViewController.m */; };
		D0DCA8201D6DEEA20025CB0D /* ClockViewController.m in Sources */ = {isa = PBXBuildFile; fileRef = D0DCA81F1D6DEEA20025CB0D /* ClockViewController.m */; };
		D0DCA8231D6DEEDC0025CB0D /* Main.storyboard in Resources */ = {isa = PBXBuildFile; fileRef = D0DCA8211D6DEEDC0025CB0D /* Main.storyboard */; };
		D0E8F6E41D6D11BE000098FB /* Assets.xcassets in Resources */ = {isa = PBXBuildFile; fileRef = D0E8F6E31D6D11BE000098FB /* Assets.xcassets */; };
		D0EDA1561CF3CA3C0036293B /* main.m in Sources */ = {isa = PBXBuildFile; fileRef = D0EDA1551CF3CA3C0036293B /* main.m */; };
		D0EDA1591CF3CA3C0036293B /* AppDelegate.m in Sources */ = {isa = PBXBuildFile; fileRef = D0EDA1581CF3CA3C0036293B /* AppDelegate.m */; };
		D0EDA1621CF3CA3C0036293B /* DawnPlusDataModel.xcdatamodeld in Sources */ = {isa = PBXBuildFile; fileRef = D0EDA1601CF3CA3C0036293B /* DawnPlusDataModel.xcdatamodeld */; };
		D0EDA1671CF3CA3C0036293B /* LaunchScreen.storyboard in Resources */ = {isa = PBXBuildFile; fileRef = D0EDA1651CF3CA3C0036293B /* LaunchScreen.storyboard */; };
		D0F0673B1E492CBA0014AAB3 /* constants.m in Sources */ = {isa = PBXBuildFile; fileRef = D0F0673A1E492CBA0014AAB3 /* constants.m */; };
		D6B3E7631F08C0A600177470 /* AddressResultsViewController.swift in Sources */ = {isa = PBXBuildFile; fileRef = D6B3E7621F08C0A600177470 /* AddressResultsViewController.swift */; };
		ED1B7C5CA3DDF62ED80B1E77 /* Pods_DawnPlus.framework in Frameworks */ = {isa = PBXBuildFile; fileRef = 380BA9E65B84D02788722253 /* Pods_DawnPlus.framework */; };
/* End PBXBuildFile section */

/* Begin PBXContainerItemProxy section */
		D0C5F1901EEE5F97005897CD /* PBXContainerItemProxy */ = {
			isa = PBXContainerItemProxy;
			containerPortal = D0EDA1491CF3CA3C0036293B /* Project object */;
			proxyType = 1;
			remoteGlobalIDString = D0EDA1501CF3CA3C0036293B;
			remoteInfo = DawnPlus;
		};
/* End PBXContainerItemProxy section */

/* Begin PBXFileReference section */
		07F37AAAC1333761D7004950 /* Pods-DawnPlus.debug.xcconfig */ = {isa = PBXFileReference; includeInIndex = 1; lastKnownFileType = text.xcconfig; name = "Pods-DawnPlus.debug.xcconfig"; path = "Pods/Target Support Files/Pods-DawnPlus/Pods-DawnPlus.debug.xcconfig"; sourceTree = "<group>"; };
		094E5EF7DBD16DC71E9FCF0F /* Pods-DawnPlus.release.xcconfig */ = {isa = PBXFileReference; includeInIndex = 1; lastKnownFileType = text.xcconfig; name = "Pods-DawnPlus.release.xcconfig"; path = "Pods/Target Support Files/Pods-DawnPlus/Pods-DawnPlus.release.xcconfig"; sourceTree = "<group>"; };
		380BA9E65B84D02788722253 /* Pods_DawnPlus.framework */ = {isa = PBXFileReference; explicitFileType = wrapper.framework; includeInIndex = 0; path = Pods_DawnPlus.framework; sourceTree = BUILT_PRODUCTS_DIR; };
		8DC96FBECD76CF0E8137F967 /* Pods_DawnPlusTests.framework */ = {isa = PBXFileReference; explicitFileType = wrapper.framework; includeInIndex = 0; path = Pods_DawnPlusTests.framework; sourceTree = BUILT_PRODUCTS_DIR; };
		BBC7E14EA2CC235A76E274DD /* Pods-DawnPlusTests.debug.xcconfig */ = {isa = PBXFileReference; includeInIndex = 1; lastKnownFileType = text.xcconfig; name = "Pods-DawnPlusTests.debug.xcconfig"; path = "Pods/Target Support Files/Pods-DawnPlusTests/Pods-DawnPlusTests.debug.xcconfig"; sourceTree = "<group>"; };
		D00916B61D73444A009999F2 /* SettingsViewController.h */ = {isa = PBXFileReference; fileEncoding = 4; lastKnownFileType = sourcecode.c.h; path = SettingsViewController.h; sourceTree = "<group>"; };
		D00E2FCA1ED1613C00E18CE4 /* CoreDataController.h */ = {isa = PBXFileReference; fileEncoding = 4; lastKnownFileType = sourcecode.c.h; path = CoreDataController.h; sourceTree = "<group>"; };
		D01553821ECEAF7600ACF012 /* CoreData.framework */ = {isa = PBXFileReference; lastKnownFileType = wrapper.framework; name = CoreData.framework; path = System/Library/Frameworks/CoreData.framework; sourceTree = SDKROOT; };
		D016AA4F1E9A11FC004B387B /* MapKit.framework */ = {isa = PBXFileReference; lastKnownFileType = wrapper.framework; name = MapKit.framework; path = System/Library/Frameworks/MapKit.framework; sourceTree = SDKROOT; };
		D01ED5B21ECC2B0000AA436C /* AlarmTableViewController.h */ = {isa = PBXFileReference; fileEncoding = 4; lastKnownFileType = sourcecode.c.h; path = AlarmTableViewController.h; sourceTree = "<group>"; };
		D01ED5B31ECC2B1B00AA436C /* AlarmTableViewController.m */ = {isa = PBXFileReference; fileEncoding = 4; lastKnownFileType = sourcecode.c.objc; path = AlarmTableViewController.m; sourceTree = "<group>"; };
		D02394E91E49454F0011C410 /* GeocodeFetch.h */ = {isa = PBXFileReference; fileEncoding = 4; lastKnownFileType = sourcecode.c.h; path = GeocodeFetch.h; sourceTree = "<group>"; };
		D02394EC1E4945660011C410 /* WeatherFetch.h */ = {isa = PBXFileReference; fileEncoding = 4; lastKnownFileType = sourcecode.c.h; path = WeatherFetch.h; sourceTree = "<group>"; };
		D02394ED1E4945660011C410 /* WeatherFetch.m */ = {isa = PBXFileReference; fileEncoding = 4; lastKnownFileType = sourcecode.c.objc; path = WeatherFetch.m; sourceTree = "<group>"; };
		D02394F51E494A260011C410 /* GeocodeFetch.m */ = {isa = PBXFileReference; fileEncoding = 4; lastKnownFileType = sourcecode.c.objc; path = GeocodeFetch.m; sourceTree = "<group>"; };
		D02394F71E494ADE0011C410 /* TrafficFetch.h */ = {isa = PBXFileReference; fileEncoding = 4; lastKnownFileType = sourcecode.c.h; path = TrafficFetch.h; sourceTree = "<group>"; };
		D02394F81E494B590011C410 /* TrafficFetch.m */ = {isa = PBXFileReference; fileEncoding = 4; lastKnownFileType = sourcecode.c.objc; path = TrafficFetch.m; sourceTree = "<group>"; };
		D028424E1DDEB9C800B3BB87 /* SensitivityViewController.swift */ = {isa = PBXFileReference; fileEncoding = 4; lastKnownFileType = sourcecode.swift; name = SensitivityViewController.swift; path = SwiftClasses/SensitivityViewController.swift; sourceTree = "<group>"; };
		D03461A31EF3BF6F00905B4D /* alarm.mp3 */ = {isa = PBXFileReference; lastKnownFileType = audio.mp3; name = alarm.mp3; path = DawnPlus/Tones/alarm.mp3; sourceTree = "<group>"; };
		D034B1751EEE4F9C008757A6 /* DawnPlus.entitlements */ = {isa = PBXFileReference; lastKnownFileType = text.plist.entitlements; path = DawnPlus.entitlements; sourceTree = "<group>"; };
		D0382A811CF4101C00905259 /* CoreLocation.framework */ = {isa = PBXFileReference; lastKnownFileType = wrapper.framework; name = CoreLocation.framework; path = System/Library/Frameworks/CoreLocation.framework; sourceTree = SDKROOT; };
		D03D957D1EE20DF30079247C /* Base */ = {isa = PBXFileReference; lastKnownFileType = file.storyboard; name = Base; path = Base.lproj/AlarmViews.storyboard; sourceTree = "<group>"; };
		D03D957F1EE20EF90079247C /* AddAlarmViewController.h */ = {isa = PBXFileReference; lastKnownFileType = sourcecode.c.h; path = AddAlarmViewController.h; sourceTree = "<group>"; };
		D042E9241F253D2300C1691A /* QuartzCore.framework */ = {isa = PBXFileReference; lastKnownFileType = wrapper.framework; name = QuartzCore.framework; path = System/Library/Frameworks/QuartzCore.framework; sourceTree = SDKROOT; };
		D07996001D24B38C003010C8 /* Raleway-Bold.ttf */ = {isa = PBXFileReference; lastKnownFileType = file; path = "Raleway-Bold.ttf"; sourceTree = "<group>"; };
		D07996011D24B38C003010C8 /* Raleway-BoldItalic.ttf */ = {isa = PBXFileReference; lastKnownFileType = file; path = "Raleway-BoldItalic.ttf"; sourceTree = "<group>"; };
		D07996061D24B38C003010C8 /* Raleway-Italic.ttf */ = {isa = PBXFileReference; lastKnownFileType = file; path = "Raleway-Italic.ttf"; sourceTree = "<group>"; };
		D07996071D24B38C003010C8 /* Raleway-Light.ttf */ = {isa = PBXFileReference; lastKnownFileType = file; path = "Raleway-Light.ttf"; sourceTree = "<group>"; };
		D07996081D24B38C003010C8 /* Raleway-LightItalic.ttf */ = {isa = PBXFileReference; lastKnownFileType = file; path = "Raleway-LightItalic.ttf"; sourceTree = "<group>"; };
		D07996091D24B38C003010C8 /* Raleway-Medium.ttf */ = {isa = PBXFileReference; lastKnownFileType = file; path = "Raleway-Medium.ttf"; sourceTree = "<group>"; };
		D079960A1D24B38C003010C8 /* Raleway-MediumItalic.ttf */ = {isa = PBXFileReference; lastKnownFileType = file; path = "Raleway-MediumItalic.ttf"; sourceTree = "<group>"; };
		D079960B1D24B38C003010C8 /* Raleway-Regular.ttf */ = {isa = PBXFileReference; lastKnownFileType = file; path = "Raleway-Regular.ttf"; sourceTree = "<group>"; };
		D07F797F1F271A90005464D1 /* drone.m4a */ = {isa = PBXFileReference; lastKnownFileType = file; name = drone.m4a; path = DawnPlus/Tones/drone.m4a; sourceTree = "<group>"; };
		D07F79811F272E6B005464D1 /* LabelViewController.h */ = {isa = PBXFileReference; lastKnownFileType = sourcecode.c.h; path = LabelViewController.h; sourceTree = "<group>"; };
		D07F79821F272E6B005464D1 /* LabelViewController.m */ = {isa = PBXFileReference; lastKnownFileType = sourcecode.c.objc; path = LabelViewController.m; sourceTree = "<group>"; };
		D088618F1DE00CE0006C7F64 /* UnitsViewController.swift */ = {isa = PBXFileReference; fileEncoding = 4; lastKnownFileType = sourcecode.swift; name = UnitsViewController.swift; path = SwiftClasses/UnitsViewController.swift; sourceTree = "<group>"; };
		D0A0180C1CFA783900E8EECB /* LocationFetch.h */ = {isa = PBXFileReference; lastKnownFileType = sourcecode.c.h; path = LocationFetch.h; sourceTree = "<group>"; };
		D0A0180D1CFA787400E8EECB /* LocationFetch.m */ = {isa = PBXFileReference; fileEncoding = 4; lastKnownFileType = sourcecode.c.objc; path = LocationFetch.m; sourceTree = "<group>"; };
		D0AEDB471D21D205009475E9 /* Philadelphia - Home.gpx */ = {isa = PBXFileReference; fileEncoding = 4; lastKnownFileType = text.xml; path = "Philadelphia - Home.gpx"; sourceTree = "<group>"; };
		D0B33FCA1EE3B5F600CCAAB7 /* DayTableViewController.h */ = {isa = PBXFileReference; fileEncoding = 4; lastKnownFileType = sourcecode.c.h; path = DayTableViewController.h; sourceTree = "<group>"; };
		D0B33FCB1EE3B65600CCAAB7 /* DayTableViewController.m */ = {isa = PBXFileReference; fileEncoding = 4; lastKnownFileType = sourcecode.c.objc; path = DayTableViewController.m; sourceTree = "<group>"; };
		D0BB2B131EE24184000092B5 /* AddAlarmViewController.m */ = {isa = PBXFileReference; fileEncoding = 4; lastKnownFileType = sourcecode.c.objc; path = AddAlarmViewController.m; sourceTree = "<group>"; };
		D0C5F18B1EEE5F97005897CD /* DawnPlusTests.xctest */ = {isa = PBXFileReference; explicitFileType = wrapper.cfbundle; includeInIndex = 0; path = DawnPlusTests.xctest; sourceTree = BUILT_PRODUCTS_DIR; };
		D0C5F18D1EEE5F97005897CD /* DawnPlusTests.m */ = {isa = PBXFileReference; lastKnownFileType = sourcecode.c.objc; path = DawnPlusTests.m; sourceTree = "<group>"; };
		D0C5F18F1EEE5F97005897CD /* Info.plist */ = {isa = PBXFileReference; lastKnownFileType = text.plist.xml; path = Info.plist; sourceTree = "<group>"; };
		D0C5F1951EEE6063005897CD /* MediaPlayer.framework */ = {isa = PBXFileReference; lastKnownFileType = wrapper.framework; name = MediaPlayer.framework; path = System/Library/Frameworks/MediaPlayer.framework; sourceTree = SDKROOT; };
		D0C7BBFF1EE6649E00402933 /* AlarmDataDelegate.h */ = {isa = PBXFileReference; fileEncoding = 4; lastKnownFileType = sourcecode.c.h; path = AlarmDataDelegate.h; sourceTree = "<group>"; };
		D0C8821D1ED1642D00D8198E /* CoreDataController.m */ = {isa = PBXFileReference; fileEncoding = 4; lastKnownFileType = sourcecode.c.objc; path = CoreDataController.m; sourceTree = "<group>"; };
		D0D2CC1F1F08896B00A19E77 /* SetWorkAddressViewController.swift */ = {isa = PBXFileReference; lastKnownFileType = sourcecode.swift; name = SetWorkAddressViewController.swift; path = SwiftClasses/SetWorkAddressViewController.swift; sourceTree = "<group>"; };
		D0D4A2501E674D9700A925A5 /* SettingsViewController.m */ = {isa = PBXFileReference; fileEncoding = 4; lastKnownFileType = sourcecode.c.objc; path = SettingsViewController.m; sourceTree = "<group>"; };
		D0DCA81E1D6DEEA20025CB0D /* ClockViewController.h */ = {isa = PBXFileReference; fileEncoding = 4; lastKnownFileType = sourcecode.c.h; path = ClockViewController.h; sourceTree = "<group>"; };
		D0DCA81F1D6DEEA20025CB0D /* ClockViewController.m */ = {isa = PBXFileReference; fileEncoding = 4; lastKnownFileType = sourcecode.c.objc; path = ClockViewController.m; sourceTree = "<group>"; };
		D0DCA8221D6DEEDC0025CB0D /* Base */ = {isa = PBXFileReference; lastKnownFileType = file.storyboard; name = Base; path = Base.lproj/Main.storyboard; sourceTree = "<group>"; };
		D0E8F6E31D6D11BE000098FB /* Assets.xcassets */ = {isa = PBXFileReference; lastKnownFileType = folder.assetcatalog; path = Assets.xcassets; sourceTree = "<group>"; };
		D0EDA1511CF3CA3C0036293B /* DawnPlus.app */ = {isa = PBXFileReference; explicitFileType = wrapper.application; includeInIndex = 0; path = DawnPlus.app; sourceTree = BUILT_PRODUCTS_DIR; };
		D0EDA1551CF3CA3C0036293B /* main.m */ = {isa = PBXFileReference; lastKnownFileType = sourcecode.c.objc; path = main.m; sourceTree = "<group>"; };
		D0EDA1571CF3CA3C0036293B /* AppDelegate.h */ = {isa = PBXFileReference; lastKnownFileType = sourcecode.c.h; path = AppDelegate.h; sourceTree = "<group>"; };
		D0EDA1581CF3CA3C0036293B /* AppDelegate.m */ = {isa = PBXFileReference; lastKnownFileType = sourcecode.c.objc; path = AppDelegate.m; sourceTree = "<group>"; };
		D0EDA1611CF3CA3C0036293B /* DawnPlusDataModel.xcdatamodel */ = {isa = PBXFileReference; lastKnownFileType = wrapper.xcdatamodel; path = DawnPlusDataModel.xcdatamodel; sourceTree = "<group>"; };
		D0EDA1661CF3CA3C0036293B /* Base */ = {isa = PBXFileReference; lastKnownFileType = file.storyboard; name = Base; path = Base.lproj/LaunchScreen.storyboard; sourceTree = "<group>"; };
		D0EDA1681CF3CA3C0036293B /* Info.plist */ = {isa = PBXFileReference; lastKnownFileType = text.plist.xml; path = Info.plist; sourceTree = "<group>"; };
		D0F0673A1E492CBA0014AAB3 /* constants.m */ = {isa = PBXFileReference; fileEncoding = 4; lastKnownFileType = sourcecode.c.objc; path = constants.m; sourceTree = "<group>"; };
		D0FCE0701EF4A23D001FC549 /* DawnPlus-Bridging-Header.h */ = {isa = PBXFileReference; lastKnownFileType = sourcecode.c.h; name = "DawnPlus-Bridging-Header.h"; path = "../../../../Users/xinkecf35/Dropbox/Objective-C/DawnPlus/DawnPlus/DawnPlus-Bridging-Header.h"; sourceTree = DEVELOPER_DIR; };
		D6B3E7621F08C0A600177470 /* AddressResultsViewController.swift */ = {isa = PBXFileReference; lastKnownFileType = sourcecode.swift; name = AddressResultsViewController.swift; path = SwiftClasses/AddressResultsViewController.swift; sourceTree = "<group>"; };
		F79859B7BC08E922923294B8 /* Pods-DawnPlusTests.release.xcconfig */ = {isa = PBXFileReference; includeInIndex = 1; lastKnownFileType = text.xcconfig; name = "Pods-DawnPlusTests.release.xcconfig"; path = "Pods/Target Support Files/Pods-DawnPlusTests/Pods-DawnPlusTests.release.xcconfig"; sourceTree = "<group>"; };
/* End PBXFileReference section */

/* Begin PBXFrameworksBuildPhase section */
		D0C5F1881EEE5F97005897CD /* Frameworks */ = {
			isa = PBXFrameworksBuildPhase;
			buildActionMask = 2147483647;
			files = (
				484AC4F57086708F333A19BC /* Pods_DawnPlusTests.framework in Frameworks */,
			);
			runOnlyForDeploymentPostprocessing = 0;
		};
		D0EDA14E1CF3CA3C0036293B /* Frameworks */ = {
			isa = PBXFrameworksBuildPhase;
			buildActionMask = 2147483647;
			files = (
				D042E9251F253D3C00C1691A /* QuartzCore.framework in Frameworks */,
				D0C5F1961EEE606D005897CD /* MediaPlayer.framework in Frameworks */,
				D0382A821CF4101C00905259 /* CoreLocation.framework in Frameworks */,
				D01553831ECEAF7600ACF012 /* CoreData.framework in Frameworks */,
				D016AA511E9A120A004B387B /* MapKit.framework in Frameworks */,
				ED1B7C5CA3DDF62ED80B1E77 /* Pods_DawnPlus.framework in Frameworks */,
			);
			runOnlyForDeploymentPostprocessing = 0;
		};
/* End PBXFrameworksBuildPhase section */

/* Begin PBXGroup section */
		A38F69A2D6FEC633814B62DC /* Pods */ = {
			isa = PBXGroup;
			children = (
				07F37AAAC1333761D7004950 /* Pods-DawnPlus.debug.xcconfig */,
				094E5EF7DBD16DC71E9FCF0F /* Pods-DawnPlus.release.xcconfig */,
				BBC7E14EA2CC235A76E274DD /* Pods-DawnPlusTests.debug.xcconfig */,
				F79859B7BC08E922923294B8 /* Pods-DawnPlusTests.release.xcconfig */,
			);
			name = Pods;
			sourceTree = "<group>";
		};
		D00916B51D734427009999F2 /* Control */ = {
			isa = PBXGroup;
			children = (
				D0DCA81E1D6DEEA20025CB0D /* ClockViewController.h */,
				D0DCA81F1D6DEEA20025CB0D /* ClockViewController.m */,
				D00916B61D73444A009999F2 /* SettingsViewController.h */,
				D0D4A2501E674D9700A925A5 /* SettingsViewController.m */,
				D028424C1DDEB8AA00B3BB87 /* NavigationControlClasses */,
				D01ED5B21ECC2B0000AA436C /* AlarmTableViewController.h */,
				D01ED5B31ECC2B1B00AA436C /* AlarmTableViewController.m */,
				D0D911A11EEE61EB008A2CF8 /* AlarmControlClasses */,
			);
			name = Control;
			sourceTree = "<group>";
		};
		D016AA4C1E9A1168004B387B /* Frameworks */ = {
			isa = PBXGroup;
			children = (
				D042E9241F253D2300C1691A /* QuartzCore.framework */,
				D0C5F1951EEE6063005897CD /* MediaPlayer.framework */,
				D01553821ECEAF7600ACF012 /* CoreData.framework */,
				D016AA4F1E9A11FC004B387B /* MapKit.framework */,
				380BA9E65B84D02788722253 /* Pods_DawnPlus.framework */,
				8DC96FBECD76CF0E8137F967 /* Pods_DawnPlusTests.framework */,
			);
			name = Frameworks;
			sourceTree = "<group>";
		};
		D028424C1DDEB8AA00B3BB87 /* NavigationControlClasses */ = {
			isa = PBXGroup;
			children = (
				D028424E1DDEB9C800B3BB87 /* SensitivityViewController.swift */,
				D088618F1DE00CE0006C7F64 /* UnitsViewController.swift */,
				D0D2CC1F1F08896B00A19E77 /* SetWorkAddressViewController.swift */,
				D6B3E7621F08C0A600177470 /* AddressResultsViewController.swift */,
			);
			name = NavigationControlClasses;
			sourceTree = "<group>";
		};
		D059AB661D0B918D002CA6D1 /* Model */ = {
			isa = PBXGroup;
			children = (
				D02394E91E49454F0011C410 /* GeocodeFetch.h */,
				D02394F51E494A260011C410 /* GeocodeFetch.m */,
				D0A0180C1CFA783900E8EECB /* LocationFetch.h */,
				D0A0180D1CFA787400E8EECB /* LocationFetch.m */,
				D02394EC1E4945660011C410 /* WeatherFetch.h */,
				D02394ED1E4945660011C410 /* WeatherFetch.m */,
				D02394F71E494ADE0011C410 /* TrafficFetch.h */,
				D02394F81E494B590011C410 /* TrafficFetch.m */,
				D0C7BBFF1EE6649E00402933 /* AlarmDataDelegate.h */,
				D0FCE0701EF4A23D001FC549 /* DawnPlus-Bridging-Header.h */,
			);
			name = Model;
			sourceTree = "<group>";
		};
		D062B6121D5D50F0007086C9 /* View */ = {
			isa = PBXGroup;
			children = (
				D0DCA8211D6DEEDC0025CB0D /* Main.storyboard */,
				D03D957C1EE20DF30079247C /* AlarmViews.storyboard */,
			);
			name = View;
			sourceTree = "<group>";
		};
		D07995FD1D24B351003010C8 /* Fonts */ = {
			isa = PBXGroup;
			children = (
				D07996001D24B38C003010C8 /* Raleway-Bold.ttf */,
				D07996011D24B38C003010C8 /* Raleway-BoldItalic.ttf */,
				D07996061D24B38C003010C8 /* Raleway-Italic.ttf */,
				D07996071D24B38C003010C8 /* Raleway-Light.ttf */,
				D07996081D24B38C003010C8 /* Raleway-LightItalic.ttf */,
				D07996091D24B38C003010C8 /* Raleway-Medium.ttf */,
				D079960A1D24B38C003010C8 /* Raleway-MediumItalic.ttf */,
				D079960B1D24B38C003010C8 /* Raleway-Regular.ttf */,
			);
			name = Fonts;
			sourceTree = "<group>";
		};
		D07F797E1F271A73005464D1 /* Tones */ = {
			isa = PBXGroup;
			children = (
				D07F797F1F271A90005464D1 /* drone.m4a */,
				D03461A31EF3BF6F00905B4D /* alarm.mp3 */,
			);
			name = Tones;
			sourceTree = "<group>";
		};
		D0C5F18C1EEE5F97005897CD /* DawnPlusTests */ = {
			isa = PBXGroup;
			children = (
				D0C5F18D1EEE5F97005897CD /* DawnPlusTests.m */,
				D0C5F18F1EEE5F97005897CD /* Info.plist */,
			);
			path = DawnPlusTests;
			sourceTree = "<group>";
		};
		D0D911A11EEE61EB008A2CF8 /* AlarmControlClasses */ = {
			isa = PBXGroup;
			children = (
				D03D957F1EE20EF90079247C /* AddAlarmViewController.h */,
				D0BB2B131EE24184000092B5 /* AddAlarmViewController.m */,
				D0B33FCA1EE3B5F600CCAAB7 /* DayTableViewController.h */,
				D0B33FCB1EE3B65600CCAAB7 /* DayTableViewController.m */,
				D07F79811F272E6B005464D1 /* LabelViewController.h */,
				D07F79821F272E6B005464D1 /* LabelViewController.m */,
			);
			name = AlarmControlClasses;
			sourceTree = "<group>";
		};
		D0EDA1481CF3CA3C0036293B = {
			isa = PBXGroup;
			children = (
				D07F797E1F271A73005464D1 /* Tones */,
				D0AEDB471D21D205009475E9 /* Philadelphia - Home.gpx */,
				D0382A811CF4101C00905259 /* CoreLocation.framework */,
				D0EDA1531CF3CA3C0036293B /* DawnPlus */,
				D0C5F18C1EEE5F97005897CD /* DawnPlusTests */,
				D0EDA1521CF3CA3C0036293B /* Products */,
				D016AA4C1E9A1168004B387B /* Frameworks */,
				A38F69A2D6FEC633814B62DC /* Pods */,
			);
			sourceTree = "<group>";
		};
		D0EDA1521CF3CA3C0036293B /* Products */ = {
			isa = PBXGroup;
			children = (
				D0EDA1511CF3CA3C0036293B /* DawnPlus.app */,
				D0C5F18B1EEE5F97005897CD /* DawnPlusTests.xctest */,
			);
			name = Products;
			sourceTree = "<group>";
		};
		D0EDA1531CF3CA3C0036293B /* DawnPlus */ = {
			isa = PBXGroup;
			children = (
				D034B1751EEE4F9C008757A6 /* DawnPlus.entitlements */,
				D0E8F6E31D6D11BE000098FB /* Assets.xcassets */,
				D07995FD1D24B351003010C8 /* Fonts */,
				D0EDA1571CF3CA3C0036293B /* AppDelegate.h */,
				D0EDA1581CF3CA3C0036293B /* AppDelegate.m */,
				D00E2FCA1ED1613C00E18CE4 /* CoreDataController.h */,
				D0C8821D1ED1642D00D8198E /* CoreDataController.m */,
				D059AB661D0B918D002CA6D1 /* Model */,
				D00916B51D734427009999F2 /* Control */,
				D062B6121D5D50F0007086C9 /* View */,
				D0EDA1651CF3CA3C0036293B /* LaunchScreen.storyboard */,
				D0EDA1681CF3CA3C0036293B /* Info.plist */,
				D0EDA1601CF3CA3C0036293B /* DawnPlusDataModel.xcdatamodeld */,
				D0EDA1541CF3CA3C0036293B /* Supporting Files */,
			);
			path = DawnPlus;
			sourceTree = "<group>";
		};
		D0EDA1541CF3CA3C0036293B /* Supporting Files */ = {
			isa = PBXGroup;
			children = (
				D0F0673A1E492CBA0014AAB3 /* constants.m */,
				D0EDA1551CF3CA3C0036293B /* main.m */,
			);
			name = "Supporting Files";
			sourceTree = "<group>";
		};
/* End PBXGroup section */

/* Begin PBXNativeTarget section */
		D0C5F18A1EEE5F97005897CD /* DawnPlusTests */ = {
			isa = PBXNativeTarget;
			buildConfigurationList = D0C5F1921EEE5F97005897CD /* Build configuration list for PBXNativeTarget "DawnPlusTests" */;
			buildPhases = (
				C5DE9297B648783EE7A58147 /* [CP] Check Pods Manifest.lock */,
				D0C5F1871EEE5F97005897CD /* Sources */,
				D0C5F1881EEE5F97005897CD /* Frameworks */,
				D0C5F1891EEE5F97005897CD /* Resources */,
				6D9BB59E4D58BA05166A2296 /* [CP] Embed Pods Frameworks */,
				609DCCC69B129EEC3C8D4AD8 /* [CP] Copy Pods Resources */,
			);
			buildRules = (
			);
			dependencies = (
				D0C5F1911EEE5F97005897CD /* PBXTargetDependency */,
			);
			name = DawnPlusTests;
			productName = DawnPlusTests;
			productReference = D0C5F18B1EEE5F97005897CD /* DawnPlusTests.xctest */;
			productType = "com.apple.product-type.bundle.unit-test";
		};
		D0EDA1501CF3CA3C0036293B /* DawnPlus */ = {
			isa = PBXNativeTarget;
			buildConfigurationList = D0EDA1811CF3CA3C0036293B /* Build configuration list for PBXNativeTarget "DawnPlus" */;
			buildPhases = (
				8DF72CFA954144FF447AFB80 /* [CP] Check Pods Manifest.lock */,
				D0EDA14D1CF3CA3C0036293B /* Sources */,
				D0EDA14E1CF3CA3C0036293B /* Frameworks */,
				D0EDA14F1CF3CA3C0036293B /* Resources */,
				842915BA4FC702A0E22E5D4A /* [CP] Embed Pods Frameworks */,
				EE7535625D1D99E6BBB90D06 /* [CP] Copy Pods Resources */,
			);
			buildRules = (
			);
			dependencies = (
			);
			name = DawnPlus;
			productName = TrafficAlarmClock;
			productReference = D0EDA1511CF3CA3C0036293B /* DawnPlus.app */;
			productType = "com.apple.product-type.application";
		};
/* End PBXNativeTarget section */

/* Begin PBXProject section */
		D0EDA1491CF3CA3C0036293B /* Project object */ = {
			isa = PBXProject;
			attributes = {
				LastUpgradeCheck = 0900;
				ORGANIZATIONNAME = "Xinke Chen";
				TargetAttributes = {
					D0C5F18A1EEE5F97005897CD = {
						CreatedOnToolsVersion = 9.0;
						TestTargetID = D0EDA1501CF3CA3C0036293B;
					};
					D0EDA1501CF3CA3C0036293B = {
						CreatedOnToolsVersion = 7.3.1;
						DevelopmentTeam = D72NW9AP4N;
						LastSwiftMigration = 0810;
						SystemCapabilities = {
							com.apple.Maps.iOS = {
								enabled = 1;
							};
							com.apple.Push = {
								enabled = 1;
							};
						};
					};
				};
			};
			buildConfigurationList = D0EDA14C1CF3CA3C0036293B /* Build configuration list for PBXProject "DawnPlus" */;
			compatibilityVersion = "Xcode 3.2";
			developmentRegion = English;
			hasScannedForEncodings = 0;
			knownRegions = (
				en,
				Base,
			);
			mainGroup = D0EDA1481CF3CA3C0036293B;
			productRefGroup = D0EDA1521CF3CA3C0036293B /* Products */;
			projectDirPath = "";
			projectRoot = "";
			targets = (
				D0EDA1501CF3CA3C0036293B /* DawnPlus */,
				D0C5F18A1EEE5F97005897CD /* DawnPlusTests */,
			);
		};
/* End PBXProject section */

/* Begin PBXResourcesBuildPhase section */
		D0C5F1891EEE5F97005897CD /* Resources */ = {
			isa = PBXResourcesBuildPhase;
			buildActionMask = 2147483647;
			files = (
			);
			runOnlyForDeploymentPostprocessing = 0;
		};
		D0EDA14F1CF3CA3C0036293B /* Resources */ = {
			isa = PBXResourcesBuildPhase;
			buildActionMask = 2147483647;
			files = (
				D079961B1D24B38C003010C8 /* Raleway-Medium.ttf in Resources */,
				D07996121D24B38C003010C8 /* Raleway-Bold.ttf in Resources */,
				D079961A1D24B38C003010C8 /* Raleway-LightItalic.ttf in Resources */,
				D0DCA8231D6DEEDC0025CB0D /* Main.storyboard in Resources */,
				D0EDA1671CF3CA3C0036293B /* LaunchScreen.storyboard in Resources */,
				D03D957E1EE20DF30079247C /* AlarmViews.storyboard in Resources */,
				D07996191D24B38C003010C8 /* Raleway-Light.ttf in Resources */,
				D07996131D24B38C003010C8 /* Raleway-BoldItalic.ttf in Resources */,
				D07996181D24B38C003010C8 /* Raleway-Italic.ttf in Resources */,
				D079961D1D24B38C003010C8 /* Raleway-Regular.ttf in Resources */,
				D0AEDB481D21D205009475E9 /* Philadelphia - Home.gpx in Resources */,
				D0E8F6E41D6D11BE000098FB /* Assets.xcassets in Resources */,
				D079961C1D24B38C003010C8 /* Raleway-MediumItalic.ttf in Resources */,
				D07F79801F271A91005464D1 /* drone.m4a in Resources */,
			);
			runOnlyForDeploymentPostprocessing = 0;
		};
/* End PBXResourcesBuildPhase section */

/* Begin PBXShellScriptBuildPhase section */
		609DCCC69B129EEC3C8D4AD8 /* [CP] Copy Pods Resources */ = {
			isa = PBXShellScriptBuildPhase;
			buildActionMask = 2147483647;
			files = (
			);
			inputPaths = (
			);
			name = "[CP] Copy Pods Resources";
			outputPaths = (
			);
			runOnlyForDeploymentPostprocessing = 0;
			shellPath = /bin/sh;
			shellScript = "\"${SRCROOT}/Pods/Target Support Files/Pods-DawnPlusTests/Pods-DawnPlusTests-resources.sh\"\n";
			showEnvVarsInLog = 0;
		};
		6D9BB59E4D58BA05166A2296 /* [CP] Embed Pods Frameworks */ = {
			isa = PBXShellScriptBuildPhase;
			buildActionMask = 2147483647;
			files = (
				D07F797D1F271A5F005464D1 /* DawnPlusTests.m in [CP] Embed Pods Frameworks */,
			);
			inputPaths = (
			);
			name = "[CP] Embed Pods Frameworks";
			outputPaths = (
			);
			runOnlyForDeploymentPostprocessing = 0;
			shellPath = /bin/sh;
			shellScript = "\"${SRCROOT}/Pods/Target Support Files/Pods-DawnPlusTests/Pods-DawnPlusTests-frameworks.sh\"\n";
			showEnvVarsInLog = 0;
		};
		842915BA4FC702A0E22E5D4A /* [CP] Embed Pods Frameworks */ = {
			isa = PBXShellScriptBuildPhase;
			buildActionMask = 2147483647;
			files = (
			);
			inputPaths = (
			);
			name = "[CP] Embed Pods Frameworks";
			outputPaths = (
			);
			runOnlyForDeploymentPostprocessing = 0;
			shellPath = /bin/sh;
			shellScript = "\"${SRCROOT}/Pods/Target Support Files/Pods-DawnPlus/Pods-DawnPlus-frameworks.sh\"\n";
			showEnvVarsInLog = 0;
		};
		8DF72CFA954144FF447AFB80 /* [CP] Check Pods Manifest.lock */ = {
			isa = PBXShellScriptBuildPhase;
			buildActionMask = 2147483647;
			files = (
			);
			inputPaths = (
			);
			name = "[CP] Check Pods Manifest.lock";
			outputPaths = (
			);
			runOnlyForDeploymentPostprocessing = 0;
			shellPath = /bin/sh;
			shellScript = "diff \"${PODS_PODFILE_DIR_PATH}/Podfile.lock\" \"${PODS_ROOT}/Manifest.lock\" > /dev/null\nif [ $? != 0 ] ; then\n    # print error to STDERR\n    echo \"error: The sandbox is not in sync with the Podfile.lock. Run 'pod install' or update your CocoaPods installation.\" >&2\n    exit 1\nfi\n";
			showEnvVarsInLog = 0;
		};
		C5DE9297B648783EE7A58147 /* [CP] Check Pods Manifest.lock */ = {
			isa = PBXShellScriptBuildPhase;
			buildActionMask = 2147483647;
			files = (
			);
			inputPaths = (
			);
			name = "[CP] Check Pods Manifest.lock";
			outputPaths = (
			);
			runOnlyForDeploymentPostprocessing = 0;
			shellPath = /bin/sh;
			shellScript = "diff \"${PODS_PODFILE_DIR_PATH}/Podfile.lock\" \"${PODS_ROOT}/Manifest.lock\" > /dev/null\nif [ $? != 0 ] ; then\n    # print error to STDERR\n    echo \"error: The sandbox is not in sync with the Podfile.lock. Run 'pod install' or update your CocoaPods installation.\" >&2\n    exit 1\nfi\n";
			showEnvVarsInLog = 0;
		};
		EE7535625D1D99E6BBB90D06 /* [CP] Copy Pods Resources */ = {
			isa = PBXShellScriptBuildPhase;
			buildActionMask = 2147483647;
			files = (
			);
			inputPaths = (
			);
			name = "[CP] Copy Pods Resources";
			outputPaths = (
			);
			runOnlyForDeploymentPostprocessing = 0;
			shellPath = /bin/sh;
			shellScript = "\"${SRCROOT}/Pods/Target Support Files/Pods-DawnPlus/Pods-DawnPlus-resources.sh\"\n";
			showEnvVarsInLog = 0;
		};
/* End PBXShellScriptBuildPhase section */

/* Begin PBXSourcesBuildPhase section */
		D0C5F1871EEE5F97005897CD /* Sources */ = {
			isa = PBXSourcesBuildPhase;
			buildActionMask = 2147483647;
			files = (
				D0C5F18E1EEE5F97005897CD /* DawnPlusTests.m in Sources */,
			);
			runOnlyForDeploymentPostprocessing = 0;
		};
		D0EDA14D1CF3CA3C0036293B /* Sources */ = {
			isa = PBXSourcesBuildPhase;
			buildActionMask = 2147483647;
			files = (
				D0BB2B141EE24184000092B5 /* AddAlarmViewController.m in Sources */,
				D02394F91E494B590011C410 /* TrafficFetch.m in Sources */,
				D0EDA1591CF3CA3C0036293B /* AppDelegate.m in Sources */,
				D028424F1DDEB9C800B3BB87 /* SensitivityViewController.swift in Sources */,
				D02394EE1E4945660011C410 /* WeatherFetch.m in Sources */,
				D0DCA8201D6DEEA20025CB0D /* ClockViewController.m in Sources */,
				D02394F61E494A260011C410 /* GeocodeFetch.m in Sources */,
				D07F79831F272E6B005464D1 /* LabelViewController.m in Sources */,
				D0C8821E1ED1642D00D8198E /* CoreDataController.m in Sources */,
				D6B3E7631F08C0A600177470 /* AddressResultsViewController.swift in Sources */,
				D0D2CC201F08896B00A19E77 /* SetWorkAddressViewController.swift in Sources */,
				D01ED5B41ECC2B1B00AA436C /* AlarmTableViewController.m in Sources */,
				D0F0673B1E492CBA0014AAB3 /* constants.m in Sources */,
				D0B33FCC1EE3B65700CCAAB7 /* DayTableViewController.m in Sources */,
				D0EDA1621CF3CA3C0036293B /* DawnPlusDataModel.xcdatamodeld in Sources */,
				D0EDA1561CF3CA3C0036293B /* main.m in Sources */,
				D08861901DE00CE0006C7F64 /* UnitsViewController.swift in Sources */,
				D0A0180E1CFA787400E8EECB /* LocationFetch.m in Sources */,
				D0D4A2511E674D9700A925A5 /* SettingsViewController.m in Sources */,
			);
			runOnlyForDeploymentPostprocessing = 0;
		};
/* End PBXSourcesBuildPhase section */

/* Begin PBXTargetDependency section */
		D0C5F1911EEE5F97005897CD /* PBXTargetDependency */ = {
			isa = PBXTargetDependency;
			target = D0EDA1501CF3CA3C0036293B /* DawnPlus */;
			targetProxy = D0C5F1901EEE5F97005897CD /* PBXContainerItemProxy */;
		};
/* End PBXTargetDependency section */

/* Begin PBXVariantGroup section */
		D03D957C1EE20DF30079247C /* AlarmViews.storyboard */ = {
			isa = PBXVariantGroup;
			children = (
				D03D957D1EE20DF30079247C /* Base */,
			);
			name = AlarmViews.storyboard;
			sourceTree = "<group>";
		};
		D0DCA8211D6DEEDC0025CB0D /* Main.storyboard */ = {
			isa = PBXVariantGroup;
			children = (
				D0DCA8221D6DEEDC0025CB0D /* Base */,
			);
			name = Main.storyboard;
			sourceTree = "<group>";
		};
		D0EDA1651CF3CA3C0036293B /* LaunchScreen.storyboard */ = {
			isa = PBXVariantGroup;
			children = (
				D0EDA1661CF3CA3C0036293B /* Base */,
			);
			name = LaunchScreen.storyboard;
			sourceTree = "<group>";
		};
/* End PBXVariantGroup section */

/* Begin XCBuildConfiguration section */
		D0C5F1931EEE5F97005897CD /* Debug */ = {
			isa = XCBuildConfiguration;
			baseConfigurationReference = BBC7E14EA2CC235A76E274DD /* Pods-DawnPlusTests.debug.xcconfig */;
			buildSettings = {
				ALWAYS_EMBED_SWIFT_STANDARD_LIBRARIES = YES;
				BUNDLE_LOADER = "$(TEST_HOST)";
				CLANG_ANALYZER_NUMBER_OBJECT_CONVERSION = YES_AGGRESSIVE;
				CLANG_CXX_LANGUAGE_STANDARD = "gnu++14";
				CLANG_WARN_DOCUMENTATION_COMMENTS = YES;
				CLANG_WARN_UNGUARDED_AVAILABILITY = YES_AGGRESSIVE;
				CODE_SIGN_IDENTITY = "iPhone Developer";
				DEFINES_MODULE = YES;
				GCC_C_LANGUAGE_STANDARD = gnu11;
				INFOPLIST_FILE = DawnPlusTests/Info.plist;
				IPHONEOS_DEPLOYMENT_TARGET = 11.0;
				LD_RUNPATH_SEARCH_PATHS = "$(inherited) @executable_path/Frameworks @loader_path/Frameworks";
				PRODUCT_BUNDLE_IDENTIFIER = xinkecf35.DawnPlusTests;
				PRODUCT_NAME = "$(TARGET_NAME)";
				TARGETED_DEVICE_FAMILY = "1,2";
				TEST_HOST = "$(BUILT_PRODUCTS_DIR)/DawnPlus.app/DawnPlus";
			};
			name = Debug;
		};
		D0C5F1941EEE5F97005897CD /* Release */ = {
			isa = XCBuildConfiguration;
			baseConfigurationReference = F79859B7BC08E922923294B8 /* Pods-DawnPlusTests.release.xcconfig */;
			buildSettings = {
				ALWAYS_EMBED_SWIFT_STANDARD_LIBRARIES = YES;
				BUNDLE_LOADER = "$(TEST_HOST)";
				CLANG_ANALYZER_NUMBER_OBJECT_CONVERSION = YES_AGGRESSIVE;
				CLANG_CXX_LANGUAGE_STANDARD = "gnu++14";
				CLANG_WARN_DOCUMENTATION_COMMENTS = YES;
				CLANG_WARN_UNGUARDED_AVAILABILITY = YES_AGGRESSIVE;
				CODE_SIGN_IDENTITY = "iPhone Developer";
				DEFINES_MODULE = YES;
				GCC_C_LANGUAGE_STANDARD = gnu11;
				INFOPLIST_FILE = DawnPlusTests/Info.plist;
				IPHONEOS_DEPLOYMENT_TARGET = 11.0;
				LD_RUNPATH_SEARCH_PATHS = "$(inherited) @executable_path/Frameworks @loader_path/Frameworks";
				PRODUCT_BUNDLE_IDENTIFIER = xinkecf35.DawnPlusTests;
				PRODUCT_NAME = "$(TARGET_NAME)";
				TARGETED_DEVICE_FAMILY = "1,2";
				TEST_HOST = "$(BUILT_PRODUCTS_DIR)/DawnPlus.app/DawnPlus";
			};
			name = Release;
		};
		D0EDA17F1CF3CA3C0036293B /* Debug */ = {
			isa = XCBuildConfiguration;
			buildSettings = {
				ALWAYS_SEARCH_USER_PATHS = NO;
				CLANG_ANALYZER_NONNULL = YES;
				CLANG_CXX_LANGUAGE_STANDARD = "gnu++0x";
				CLANG_CXX_LIBRARY = "libc++";
				CLANG_ENABLE_MODULES = YES;
				CLANG_ENABLE_OBJC_ARC = YES;
				CLANG_WARN_BLOCK_CAPTURE_AUTORELEASING = YES;
				CLANG_WARN_BOOL_CONVERSION = YES;
				CLANG_WARN_COMMA = YES;
				CLANG_WARN_CONSTANT_CONVERSION = YES;
				CLANG_WARN_DIRECT_OBJC_ISA_USAGE = YES_ERROR;
				CLANG_WARN_EMPTY_BODY = YES;
				CLANG_WARN_ENUM_CONVERSION = YES;
				CLANG_WARN_INFINITE_RECURSION = YES;
				CLANG_WARN_INT_CONVERSION = YES;
				CLANG_WARN_NON_LITERAL_NULL_CONVERSION = YES;
				CLANG_WARN_OBJC_LITERAL_CONVERSION = YES;
				CLANG_WARN_OBJC_ROOT_CLASS = YES_ERROR;
				CLANG_WARN_RANGE_LOOP_ANALYSIS = YES;
				CLANG_WARN_STRICT_PROTOTYPES = YES;
				CLANG_WARN_SUSPICIOUS_MOVE = YES;
				CLANG_WARN_UNREACHABLE_CODE = YES;
				CLANG_WARN__DUPLICATE_METHOD_MATCH = YES;
				"CODE_SIGN_IDENTITY[sdk=iphoneos*]" = "iPhone Developer";
				COPY_PHASE_STRIP = NO;
				DEBUG_INFORMATION_FORMAT = dwarf;
				ENABLE_STRICT_OBJC_MSGSEND = YES;
				ENABLE_TESTABILITY = YES;
				GCC_C_LANGUAGE_STANDARD = gnu99;
				GCC_DYNAMIC_NO_PIC = NO;
				GCC_NO_COMMON_BLOCKS = YES;
				GCC_OPTIMIZATION_LEVEL = 0;
				GCC_PREPROCESSOR_DEFINITIONS = (
					"DEBUG=1",
					"$(inherited)",
				);
				GCC_WARN_64_TO_32_BIT_CONVERSION = YES;
				GCC_WARN_ABOUT_RETURN_TYPE = YES_ERROR;
				GCC_WARN_UNDECLARED_SELECTOR = YES;
				GCC_WARN_UNINITIALIZED_AUTOS = YES_AGGRESSIVE;
				GCC_WARN_UNUSED_FUNCTION = YES;
				GCC_WARN_UNUSED_VARIABLE = YES;
				IPHONEOS_DEPLOYMENT_TARGET = 10.0;
				MTL_ENABLE_DEBUG_INFO = YES;
				ONLY_ACTIVE_ARCH = YES;
				SDKROOT = iphoneos;
				SWIFT_INSTALL_OBJC_HEADER = YES;
				SWIFT_OBJC_BRIDGING_HEADER = "./DawnPlus/DawnPlus-Bridging-Header.h";
				SWIFT_OBJC_INTERFACE_HEADER_NAME = "-Swift.h";
				SWIFT_PRECOMPILE_BRIDGING_HEADER = YES;
				SWIFT_VERSION = 3.0;
			};
			name = Debug;
		};
		D0EDA1801CF3CA3C0036293B /* Release */ = {
			isa = XCBuildConfiguration;
			buildSettings = {
				ALWAYS_SEARCH_USER_PATHS = NO;
				CLANG_ANALYZER_NONNULL = YES;
				CLANG_CXX_LANGUAGE_STANDARD = "gnu++0x";
				CLANG_CXX_LIBRARY = "libc++";
				CLANG_ENABLE_MODULES = YES;
				CLANG_ENABLE_OBJC_ARC = YES;
				CLANG_WARN_BLOCK_CAPTURE_AUTORELEASING = YES;
				CLANG_WARN_BOOL_CONVERSION = YES;
				CLANG_WARN_COMMA = YES;
				CLANG_WARN_CONSTANT_CONVERSION = YES;
				CLANG_WARN_DIRECT_OBJC_ISA_USAGE = YES_ERROR;
				CLANG_WARN_EMPTY_BODY = YES;
				CLANG_WARN_ENUM_CONVERSION = YES;
				CLANG_WARN_INFINITE_RECURSION = YES;
				CLANG_WARN_INT_CONVERSION = YES;
				CLANG_WARN_NON_LITERAL_NULL_CONVERSION = YES;
				CLANG_WARN_OBJC_LITERAL_CONVERSION = YES;
				CLANG_WARN_OBJC_ROOT_CLASS = YES_ERROR;
				CLANG_WARN_RANGE_LOOP_ANALYSIS = YES;
				CLANG_WARN_STRICT_PROTOTYPES = YES;
				CLANG_WARN_SUSPICIOUS_MOVE = YES;
				CLANG_WARN_UNREACHABLE_CODE = YES;
				CLANG_WARN__DUPLICATE_METHOD_MATCH = YES;
				"CODE_SIGN_IDENTITY[sdk=iphoneos*]" = "iPhone Developer";
				COPY_PHASE_STRIP = NO;
				DEBUG_INFORMATION_FORMAT = "dwarf-with-dsym";
				ENABLE_NS_ASSERTIONS = NO;
				ENABLE_STRICT_OBJC_MSGSEND = YES;
				GCC_C_LANGUAGE_STANDARD = gnu99;
				GCC_NO_COMMON_BLOCKS = YES;
				GCC_WARN_64_TO_32_BIT_CONVERSION = YES;
				GCC_WARN_ABOUT_RETURN_TYPE = YES_ERROR;
				GCC_WARN_UNDECLARED_SELECTOR = YES;
				GCC_WARN_UNINITIALIZED_AUTOS = YES_AGGRESSIVE;
				GCC_WARN_UNUSED_FUNCTION = YES;
				GCC_WARN_UNUSED_VARIABLE = YES;
				IPHONEOS_DEPLOYMENT_TARGET = 10.0;
				MTL_ENABLE_DEBUG_INFO = NO;
				SDKROOT = iphoneos;
				SWIFT_INSTALL_OBJC_HEADER = YES;
				SWIFT_OBJC_BRIDGING_HEADER = "./DawnPlus/DawnPlus-Bridging-Header.h";
				SWIFT_OBJC_INTERFACE_HEADER_NAME = "-Swift.h";
				SWIFT_OPTIMIZATION_LEVEL = "-Owholemodule";
				SWIFT_PRECOMPILE_BRIDGING_HEADER = YES;
				SWIFT_VERSION = 3.0;
				VALIDATE_PRODUCT = YES;
			};
			name = Release;
		};
		D0EDA1821CF3CA3C0036293B /* Debug */ = {
			isa = XCBuildConfiguration;
			baseConfigurationReference = 07F37AAAC1333761D7004950 /* Pods-DawnPlus.debug.xcconfig */;
			buildSettings = {
				ASSETCATALOG_COMPILER_APPICON_NAME = AppIcon;
				CLANG_ENABLE_MODULES = YES;
				CODE_SIGN_ENTITLEMENTS = DawnPlus/DawnPlus.entitlements;
				CODE_SIGN_IDENTITY = "iPhone Developer";
				"CODE_SIGN_IDENTITY[sdk=iphoneos*]" = "iPhone Developer";
				DEFINES_MODULE = YES;
				DEVELOPMENT_TEAM = D72NW9AP4N;
				INFOPLIST_FILE = "$(SRCROOT)/DawnPlus/Info.plist";
				LD_RUNPATH_SEARCH_PATHS = "$(inherited) @executable_path/Frameworks";
				PRODUCT_BUNDLE_IDENTIFIER = xinkecf35.DawnPlus;
				PRODUCT_MODULE_NAME = "$(PROJECT_NAME)";
				PRODUCT_NAME = "$(TARGET_NAME)";
				PROVISIONING_PROFILE = "";
				SWIFT_INSTALL_OBJC_HEADER = YES;
				SWIFT_OBJC_INTERFACE_HEADER_NAME = "$(PRODUCT_NAME)-Swift.h";
				SWIFT_OPTIMIZATION_LEVEL = "-Onone";
				SWIFT_PRECOMPILE_BRIDGING_HEADER = YES;
				SWIFT_VERSION = 3.0;
				TARGETED_DEVICE_FAMILY = 1;
			};
			name = Debug;
		};
		D0EDA1831CF3CA3C0036293B /* Release */ = {
			isa = XCBuildConfiguration;
			baseConfigurationReference = 094E5EF7DBD16DC71E9FCF0F /* Pods-DawnPlus.release.xcconfig */;
			buildSettings = {
				ASSETCATALOG_COMPILER_APPICON_NAME = AppIcon;
				CLANG_ENABLE_MODULES = YES;
				CODE_SIGN_ENTITLEMENTS = DawnPlus/DawnPlus.entitlements;
				CODE_SIGN_IDENTITY = "iPhone Developer";
				"CODE_SIGN_IDENTITY[sdk=iphoneos*]" = "iPhone Developer";
				DEFINES_MODULE = YES;
				DEVELOPMENT_TEAM = D72NW9AP4N;
				INFOPLIST_FILE = "$(SRCROOT)/DawnPlus/Info.plist";
				LD_RUNPATH_SEARCH_PATHS = "$(inherited) @executable_path/Frameworks";
				PRODUCT_BUNDLE_IDENTIFIER = xinkecf35.DawnPlus;
				PRODUCT_MODULE_NAME = "$(PROJECT_NAME)";
				PRODUCT_NAME = "$(TARGET_NAME)";
				PROVISIONING_PROFILE = "";
				SWIFT_INSTALL_OBJC_HEADER = YES;
				SWIFT_OBJC_INTERFACE_HEADER_NAME = "$(PRODUCT_NAME)-Swift.h";
				SWIFT_PRECOMPILE_BRIDGING_HEADER = YES;
				SWIFT_VERSION = 3.0;
				TARGETED_DEVICE_FAMILY = 1;
			};
			name = Release;
		};
/* End XCBuildConfiguration section */

/* Begin XCConfigurationList section */
		D0C5F1921EEE5F97005897CD /* Build configuration list for PBXNativeTarget "DawnPlusTests" */ = {
			isa = XCConfigurationList;
			buildConfigurations = (
				D0C5F1931EEE5F97005897CD /* Debug */,
				D0C5F1941EEE5F97005897CD /* Release */,
			);
			defaultConfigurationIsVisible = 0;
			defaultConfigurationName = Release;
		};
		D0EDA14C1CF3CA3C0036293B /* Build configuration list for PBXProject "DawnPlus" */ = {
			isa = XCConfigurationList;
			buildConfigurations = (
				D0EDA17F1CF3CA3C0036293B /* Debug */,
				D0EDA1801CF3CA3C0036293B /* Release */,
			);
			defaultConfigurationIsVisible = 0;
			defaultConfigurationName = Release;
		};
		D0EDA1811CF3CA3C0036293B /* Build configuration list for PBXNativeTarget "DawnPlus" */ = {
			isa = XCConfigurationList;
			buildConfigurations = (
				D0EDA1821CF3CA3C0036293B /* Debug */,
				D0EDA1831CF3CA3C0036293B /* Release */,
			);
			defaultConfigurationIsVisible = 0;
			defaultConfigurationName = Release;
		};
/* End XCConfigurationList section */

/* Begin XCVersionGroup section */
		D0EDA1601CF3CA3C0036293B /* DawnPlusDataModel.xcdatamodeld */ = {
			isa = XCVersionGroup;
			children = (
				D0EDA1611CF3CA3C0036293B /* DawnPlusDataModel.xcdatamodel */,
			);
			currentVersion = D0EDA1611CF3CA3C0036293B /* DawnPlusDataModel.xcdatamodel */;
			path = DawnPlusDataModel.xcdatamodeld;
			sourceTree = "<group>";
			versionGroupType = wrapper.xcdatamodel;
		};
/* End XCVersionGroup section */
	};
	rootObject = D0EDA1491CF3CA3C0036293B /* Project object */;
}
