// !$*UTF8*$!
{
	archiveVersion = 1;
	classes = {
	};
	objectVersion = 46;
	objects = {

/* Begin PBXBuildFile section */
		D06E09C21CDD148A004D51C0 /* main.m in Sources */ = {isa = PBXBuildFile; fileRef = D06E09C11CDD148A004D51C0 /* main.m */; };
		D06E09C51CDD148A004D51C0 /* AppDelegate.m in Sources */ = {isa = PBXBuildFile; fileRef = D06E09C41CDD148A004D51C0 /* AppDelegate.m */; };
		D06E09C81CDD148A004D51C0 /* TrafficAlarmClock.xcdatamodeld in Sources */ = {isa = PBXBuildFile; fileRef = D06E09C61CDD148A004D51C0 /* TrafficAlarmClock.xcdatamodeld */; };
		D06E09CB1CDD148A004D51C0 /* MasterViewController.m in Sources */ = {isa = PBXBuildFile; fileRef = D06E09CA1CDD148A004D51C0 /* MasterViewController.m */; };
		D06E09CE1CDD148A004D51C0 /* DetailViewController.m in Sources */ = {isa = PBXBuildFile; fileRef = D06E09CD1CDD148A004D51C0 /* DetailViewController.m */; };
		D06E09D11CDD148A004D51C0 /* Main.storyboard in Resources */ = {isa = PBXBuildFile; fileRef = D06E09CF1CDD148A004D51C0 /* Main.storyboard */; };
		D06E09D31CDD148B004D51C0 /* Assets.xcassets in Resources */ = {isa = PBXBuildFile; fileRef = D06E09D21CDD148B004D51C0 /* Assets.xcassets */; };
		D06E09D61CDD148B004D51C0 /* LaunchScreen.storyboard in Resources */ = {isa = PBXBuildFile; fileRef = D06E09D41CDD148B004D51C0 /* LaunchScreen.storyboard */; };
		D06E09E11CDD148B004D51C0 /* TrafficAlarmClockTests.m in Sources */ = {isa = PBXBuildFile; fileRef = D06E09E01CDD148B004D51C0 /* TrafficAlarmClockTests.m */; };
		D06E09EC1CDD148B004D51C0 /* TrafficAlarmClockUITests.m in Sources */ = {isa = PBXBuildFile; fileRef = D06E09EB1CDD148B004D51C0 /* TrafficAlarmClockUITests.m */; };
/* End PBXBuildFile section */

/* Begin PBXContainerItemProxy section */
		D06E09DD1CDD148B004D51C0 /* PBXContainerItemProxy */ = {
			isa = PBXContainerItemProxy;
			containerPortal = D06E09B51CDD148A004D51C0 /* Project object */;
			proxyType = 1;
			remoteGlobalIDString = D06E09BC1CDD148A004D51C0;
			remoteInfo = TrafficAlarmClock;
		};
		D06E09E81CDD148B004D51C0 /* PBXContainerItemProxy */ = {
			isa = PBXContainerItemProxy;
			containerPortal = D06E09B51CDD148A004D51C0 /* Project object */;
			proxyType = 1;
			remoteGlobalIDString = D06E09BC1CDD148A004D51C0;
			remoteInfo = TrafficAlarmClock;
		};
/* End PBXContainerItemProxy section */

/* Begin PBXFileReference section */
		D06E09BD1CDD148A004D51C0 /* TrafficAlarmClock.app */ = {isa = PBXFileReference; explicitFileType = wrapper.application; includeInIndex = 0; path = TrafficAlarmClock.app; sourceTree = BUILT_PRODUCTS_DIR; };
		D06E09C11CDD148A004D51C0 /* main.m */ = {isa = PBXFileReference; lastKnownFileType = sourcecode.c.objc; path = main.m; sourceTree = "<group>"; };
		D06E09C31CDD148A004D51C0 /* AppDelegate.h */ = {isa = PBXFileReference; lastKnownFileType = sourcecode.c.h; path = AppDelegate.h; sourceTree = "<group>"; };
		D06E09C41CDD148A004D51C0 /* AppDelegate.m */ = {isa = PBXFileReference; lastKnownFileType = sourcecode.c.objc; path = AppDelegate.m; sourceTree = "<group>"; };
		D06E09C71CDD148A004D51C0 /* TrafficAlarmClock.xcdatamodel */ = {isa = PBXFileReference; lastKnownFileType = wrapper.xcdatamodel; path = TrafficAlarmClock.xcdatamodel; sourceTree = "<group>"; };
		D06E09C91CDD148A004D51C0 /* MasterViewController.h */ = {isa = PBXFileReference; lastKnownFileType = sourcecode.c.h; path = MasterViewController.h; sourceTree = "<group>"; };
		D06E09CA1CDD148A004D51C0 /* MasterViewController.m */ = {isa = PBXFileReference; lastKnownFileType = sourcecode.c.objc; path = MasterViewController.m; sourceTree = "<group>"; };
		D06E09CC1CDD148A004D51C0 /* DetailViewController.h */ = {isa = PBXFileReference; lastKnownFileType = sourcecode.c.h; path = DetailViewController.h; sourceTree = "<group>"; };
		D06E09CD1CDD148A004D51C0 /* DetailViewController.m */ = {isa = PBXFileReference; lastKnownFileType = sourcecode.c.objc; path = DetailViewController.m; sourceTree = "<group>"; };
		D06E09D01CDD148A004D51C0 /* Base */ = {isa = PBXFileReference; lastKnownFileType = file.storyboard; name = Base; path = Base.lproj/Main.storyboard; sourceTree = "<group>"; };
		D06E09D21CDD148B004D51C0 /* Assets.xcassets */ = {isa = PBXFileReference; lastKnownFileType = folder.assetcatalog; path = Assets.xcassets; sourceTree = "<group>"; };
		D06E09D51CDD148B004D51C0 /* Base */ = {isa = PBXFileReference; lastKnownFileType = file.storyboard; name = Base; path = Base.lproj/LaunchScreen.storyboard; sourceTree = "<group>"; };
		D06E09D71CDD148B004D51C0 /* Info.plist */ = {isa = PBXFileReference; lastKnownFileType = text.plist.xml; path = Info.plist; sourceTree = "<group>"; };
		D06E09DC1CDD148B004D51C0 /* TrafficAlarmClockTests.xctest */ = {isa = PBXFileReference; explicitFileType = wrapper.cfbundle; includeInIndex = 0; path = TrafficAlarmClockTests.xctest; sourceTree = BUILT_PRODUCTS_DIR; };
		D06E09E01CDD148B004D51C0 /* TrafficAlarmClockTests.m */ = {isa = PBXFileReference; lastKnownFileType = sourcecode.c.objc; path = TrafficAlarmClockTests.m; sourceTree = "<group>"; };
		D06E09E21CDD148B004D51C0 /* Info.plist */ = {isa = PBXFileReference; lastKnownFileType = text.plist.xml; path = Info.plist; sourceTree = "<group>"; };
		D06E09E71CDD148B004D51C0 /* TrafficAlarmClockUITests.xctest */ = {isa = PBXFileReference; explicitFileType = wrapper.cfbundle; includeInIndex = 0; path = TrafficAlarmClockUITests.xctest; sourceTree = BUILT_PRODUCTS_DIR; };
		D06E09EB1CDD148B004D51C0 /* TrafficAlarmClockUITests.m */ = {isa = PBXFileReference; lastKnownFileType = sourcecode.c.objc; path = TrafficAlarmClockUITests.m; sourceTree = "<group>"; };
		D06E09ED1CDD148B004D51C0 /* Info.plist */ = {isa = PBXFileReference; lastKnownFileType = text.plist.xml; path = Info.plist; sourceTree = "<group>"; };
/* End PBXFileReference section */

/* Begin PBXFrameworksBuildPhase section */
		D06E09BA1CDD148A004D51C0 /* Frameworks */ = {
			isa = PBXFrameworksBuildPhase;
			buildActionMask = 2147483647;
			files = (
			);
			runOnlyForDeploymentPostprocessing = 0;
		};
		D06E09D91CDD148B004D51C0 /* Frameworks */ = {
			isa = PBXFrameworksBuildPhase;
			buildActionMask = 2147483647;
			files = (
			);
			runOnlyForDeploymentPostprocessing = 0;
		};
		D06E09E41CDD148B004D51C0 /* Frameworks */ = {
			isa = PBXFrameworksBuildPhase;
			buildActionMask = 2147483647;
			files = (
			);
			runOnlyForDeploymentPostprocessing = 0;
		};
/* End PBXFrameworksBuildPhase section */

/* Begin PBXGroup section */
		D06E09B41CDD148A004D51C0 = {
			isa = PBXGroup;
			children = (
				D06E09BF1CDD148A004D51C0 /* TrafficAlarmClock */,
				D06E09DF1CDD148B004D51C0 /* TrafficAlarmClockTests */,
				D06E09EA1CDD148B004D51C0 /* TrafficAlarmClockUITests */,
				D06E09BE1CDD148A004D51C0 /* Products */,
			);
			sourceTree = "<group>";
		};
		D06E09BE1CDD148A004D51C0 /* Products */ = {
			isa = PBXGroup;
			children = (
				D06E09BD1CDD148A004D51C0 /* TrafficAlarmClock.app */,
				D06E09DC1CDD148B004D51C0 /* TrafficAlarmClockTests.xctest */,
				D06E09E71CDD148B004D51C0 /* TrafficAlarmClockUITests.xctest */,
			);
			name = Products;
			sourceTree = "<group>";
		};
		D06E09BF1CDD148A004D51C0 /* TrafficAlarmClock */ = {
			isa = PBXGroup;
			children = (
				D06E09C31CDD148A004D51C0 /* AppDelegate.h */,
				D06E09C41CDD148A004D51C0 /* AppDelegate.m */,
				D06E09C91CDD148A004D51C0 /* MasterViewController.h */,
				D06E09CA1CDD148A004D51C0 /* MasterViewController.m */,
				D06E09CC1CDD148A004D51C0 /* DetailViewController.h */,
				D06E09CD1CDD148A004D51C0 /* DetailViewController.m */,
				D06E09CF1CDD148A004D51C0 /* Main.storyboard */,
				D06E09D21CDD148B004D51C0 /* Assets.xcassets */,
				D06E09D41CDD148B004D51C0 /* LaunchScreen.storyboard */,
				D06E09D71CDD148B004D51C0 /* Info.plist */,
				D06E09C61CDD148A004D51C0 /* TrafficAlarmClock.xcdatamodeld */,
				D06E09C01CDD148A004D51C0 /* Supporting Files */,
			);
			path = TrafficAlarmClock;
			sourceTree = "<group>";
		};
		D06E09C01CDD148A004D51C0 /* Supporting Files */ = {
			isa = PBXGroup;
			children = (
				D06E09C11CDD148A004D51C0 /* main.m */,
			);
			name = "Supporting Files";
			sourceTree = "<group>";
		};
		D06E09DF1CDD148B004D51C0 /* TrafficAlarmClockTests */ = {
			isa = PBXGroup;
			children = (
				D06E09E01CDD148B004D51C0 /* TrafficAlarmClockTests.m */,
				D06E09E21CDD148B004D51C0 /* Info.plist */,
			);
			path = TrafficAlarmClockTests;
			sourceTree = "<group>";
		};
		D06E09EA1CDD148B004D51C0 /* TrafficAlarmClockUITests */ = {
			isa = PBXGroup;
			children = (
				D06E09EB1CDD148B004D51C0 /* TrafficAlarmClockUITests.m */,
				D06E09ED1CDD148B004D51C0 /* Info.plist */,
			);
			path = TrafficAlarmClockUITests;
			sourceTree = "<group>";
		};
/* End PBXGroup section */

/* Begin PBXNativeTarget section */
		D06E09BC1CDD148A004D51C0 /* TrafficAlarmClock */ = {
			isa = PBXNativeTarget;
			buildConfigurationList = D06E09F01CDD148B004D51C0 /* Build configuration list for PBXNativeTarget "TrafficAlarmClock" */;
			buildPhases = (
				D06E09B91CDD148A004D51C0 /* Sources */,
				D06E09BA1CDD148A004D51C0 /* Frameworks */,
				D06E09BB1CDD148A004D51C0 /* Resources */,
			);
			buildRules = (
			);
			dependencies = (
			);
			name = TrafficAlarmClock;
			productName = TrafficAlarmClock;
			productReference = D06E09BD1CDD148A004D51C0 /* TrafficAlarmClock.app */;
			productType = "com.apple.product-type.application";
		};
		D06E09DB1CDD148B004D51C0 /* TrafficAlarmClockTests */ = {
			isa = PBXNativeTarget;
			buildConfigurationList = D06E09F31CDD148B004D51C0 /* Build configuration list for PBXNativeTarget "TrafficAlarmClockTests" */;
			buildPhases = (
				D06E09D81CDD148B004D51C0 /* Sources */,
				D06E09D91CDD148B004D51C0 /* Frameworks */,
				D06E09DA1CDD148B004D51C0 /* Resources */,
			);
			buildRules = (
			);
			dependencies = (
				D06E09DE1CDD148B004D51C0 /* PBXTargetDependency */,
			);
			name = TrafficAlarmClockTests;
			productName = TrafficAlarmClockTests;
			productReference = D06E09DC1CDD148B004D51C0 /* TrafficAlarmClockTests.xctest */;
			productType = "com.apple.product-type.bundle.unit-test";
		};
		D06E09E61CDD148B004D51C0 /* TrafficAlarmClockUITests */ = {
			isa = PBXNativeTarget;
			buildConfigurationList = D06E09F61CDD148B004D51C0 /* Build configuration list for PBXNativeTarget "TrafficAlarmClockUITests" */;
			buildPhases = (
				D06E09E31CDD148B004D51C0 /* Sources */,
				D06E09E41CDD148B004D51C0 /* Frameworks */,
				D06E09E51CDD148B004D51C0 /* Resources */,
			);
			buildRules = (
			);
			dependencies = (
				D06E09E91CDD148B004D51C0 /* PBXTargetDependency */,
			);
			name = TrafficAlarmClockUITests;
			productName = TrafficAlarmClockUITests;
			productReference = D06E09E71CDD148B004D51C0 /* TrafficAlarmClockUITests.xctest */;
			productType = "com.apple.product-type.bundle.ui-testing";
		};
/* End PBXNativeTarget section */

/* Begin PBXProject section */
		D06E09B51CDD148A004D51C0 /* Project object */ = {
			isa = PBXProject;
			attributes = {
				LastUpgradeCheck = 0720;
				ORGANIZATIONNAME = "Xinke Chen";
				TargetAttributes = {
					D06E09BC1CDD148A004D51C0 = {
						CreatedOnToolsVersion = 7.2;
					};
					D06E09DB1CDD148B004D51C0 = {
						CreatedOnToolsVersion = 7.2;
						TestTargetID = D06E09BC1CDD148A004D51C0;
					};
					D06E09E61CDD148B004D51C0 = {
						CreatedOnToolsVersion = 7.2;
						TestTargetID = D06E09BC1CDD148A004D51C0;
					};
				};
			};
			buildConfigurationList = D06E09B81CDD148A004D51C0 /* Build configuration list for PBXProject "TrafficAlarmClock" */;
			compatibilityVersion = "Xcode 3.2";
			developmentRegion = English;
			hasScannedForEncodings = 0;
			knownRegions = (
				en,
				Base,
			);
			mainGroup = D06E09B41CDD148A004D51C0;
			productRefGroup = D06E09BE1CDD148A004D51C0 /* Products */;
			projectDirPath = "";
			projectRoot = "";
			targets = (
				D06E09BC1CDD148A004D51C0 /* TrafficAlarmClock */,
				D06E09DB1CDD148B004D51C0 /* TrafficAlarmClockTests */,
				D06E09E61CDD148B004D51C0 /* TrafficAlarmClockUITests */,
			);
		};
/* End PBXProject section */

/* Begin PBXResourcesBuildPhase section */
		D06E09BB1CDD148A004D51C0 /* Resources */ = {
			isa = PBXResourcesBuildPhase;
			buildActionMask = 2147483647;
			files = (
				D06E09D61CDD148B004D51C0 /* LaunchScreen.storyboard in Resources */,
				D06E09D31CDD148B004D51C0 /* Assets.xcassets in Resources */,
				D06E09D11CDD148A004D51C0 /* Main.storyboard in Resources */,
			);
			runOnlyForDeploymentPostprocessing = 0;
		};
		D06E09DA1CDD148B004D51C0 /* Resources */ = {
			isa = PBXResourcesBuildPhase;
			buildActionMask = 2147483647;
			files = (
			);
			runOnlyForDeploymentPostprocessing = 0;
		};
		D06E09E51CDD148B004D51C0 /* Resources */ = {
			isa = PBXResourcesBuildPhase;
			buildActionMask = 2147483647;
			files = (
			);
			runOnlyForDeploymentPostprocessing = 0;
		};
/* End PBXResourcesBuildPhase section */

/* Begin PBXSourcesBuildPhase section */
		D06E09B91CDD148A004D51C0 /* Sources */ = {
			isa = PBXSourcesBuildPhase;
			buildActionMask = 2147483647;
			files = (
				D06E09CE1CDD148A004D51C0 /* DetailViewController.m in Sources */,
				D06E09CB1CDD148A004D51C0 /* MasterViewController.m in Sources */,
				D06E09C81CDD148A004D51C0 /* TrafficAlarmClock.xcdatamodeld in Sources */,
				D06E09C51CDD148A004D51C0 /* AppDelegate.m in Sources */,
				D06E09C21CDD148A004D51C0 /* main.m in Sources */,
			);
			runOnlyForDeploymentPostprocessing = 0;
		};
		D06E09D81CDD148B004D51C0 /* Sources */ = {
			isa = PBXSourcesBuildPhase;
			buildActionMask = 2147483647;
			files = (
				D06E09E11CDD148B004D51C0 /* TrafficAlarmClockTests.m in Sources */,
			);
			runOnlyForDeploymentPostprocessing = 0;
		};
		D06E09E31CDD148B004D51C0 /* Sources */ = {
			isa = PBXSourcesBuildPhase;
			buildActionMask = 2147483647;
			files = (
				D06E09EC1CDD148B004D51C0 /* TrafficAlarmClockUITests.m in Sources */,
			);
			runOnlyForDeploymentPostprocessing = 0;
		};
/* End PBXSourcesBuildPhase section */

/* Begin PBXTargetDependency section */
		D06E09DE1CDD148B004D51C0 /* PBXTargetDependency */ = {
			isa = PBXTargetDependency;
			target = D06E09BC1CDD148A004D51C0 /* TrafficAlarmClock */;
			targetProxy = D06E09DD1CDD148B004D51C0 /* PBXContainerItemProxy */;
		};
		D06E09E91CDD148B004D51C0 /* PBXTargetDependency */ = {
			isa = PBXTargetDependency;
			target = D06E09BC1CDD148A004D51C0 /* TrafficAlarmClock */;
			targetProxy = D06E09E81CDD148B004D51C0 /* PBXContainerItemProxy */;
		};
/* End PBXTargetDependency section */

/* Begin PBXVariantGroup section */
		D06E09CF1CDD148A004D51C0 /* Main.storyboard */ = {
			isa = PBXVariantGroup;
			children = (
				D06E09D01CDD148A004D51C0 /* Base */,
			);
			name = Main.storyboard;
			sourceTree = "<group>";
		};
		D06E09D41CDD148B004D51C0 /* LaunchScreen.storyboard */ = {
			isa = PBXVariantGroup;
			children = (
				D06E09D51CDD148B004D51C0 /* Base */,
			);
			name = LaunchScreen.storyboard;
			sourceTree = "<group>";
		};
/* End PBXVariantGroup section */

/* Begin XCBuildConfiguration section */
		D06E09EE1CDD148B004D51C0 /* Debug */ = {
			isa = XCBuildConfiguration;
			buildSettings = {
				ALWAYS_SEARCH_USER_PATHS = NO;
				CLANG_CXX_LANGUAGE_STANDARD = "gnu++0x";
				CLANG_CXX_LIBRARY = "libc++";
				CLANG_ENABLE_MODULES = YES;
				CLANG_ENABLE_OBJC_ARC = YES;
				CLANG_WARN_BOOL_CONVERSION = YES;
				CLANG_WARN_CONSTANT_CONVERSION = YES;
				CLANG_WARN_DIRECT_OBJC_ISA_USAGE = YES_ERROR;
				CLANG_WARN_EMPTY_BODY = YES;
				CLANG_WARN_ENUM_CONVERSION = YES;
				CLANG_WARN_INT_CONVERSION = YES;
				CLANG_WARN_OBJC_ROOT_CLASS = YES_ERROR;
				CLANG_WARN_UNREACHABLE_CODE = YES;
				CLANG_WARN__DUPLICATE_METHOD_MATCH = YES;
				"CODE_SIGN_IDENTITY[sdk=iphoneos*]" = "iPhone Developer";
				COPY_PHASE_STRIP = NO;
				DEBUG_INFORMATION_FORMAT = dwarf;
				ENABLE_STRICT_OBJC_MSGSEND = YES;
				ENABLE_TESTABILITY = YES;
				GCC_C_LANGUAGE_STANDARD = gnu99;
				GCC_DYNAMIC_NO_PIC = NO;
				GCC_NO_COMMON_BLOCKS = YES;
				GCC_OPTIMIZATION_LEVEL = 0;
				GCC_PREPROCESSOR_DEFINITIONS = (
					"DEBUG=1",
					"$(inherited)",
				);
				GCC_WARN_64_TO_32_BIT_CONVERSION = YES;
				GCC_WARN_ABOUT_RETURN_TYPE = YES_ERROR;
				GCC_WARN_UNDECLARED_SELECTOR = YES;
				GCC_WARN_UNINITIALIZED_AUTOS = YES_AGGRESSIVE;
				GCC_WARN_UNUSED_FUNCTION = YES;
				GCC_WARN_UNUSED_VARIABLE = YES;
				IPHONEOS_DEPLOYMENT_TARGET = 9.2;
				MTL_ENABLE_DEBUG_INFO = YES;
				ONLY_ACTIVE_ARCH = YES;
				SDKROOT = iphoneos;
			};
			name = Debug;
		};
		D06E09EF1CDD148B004D51C0 /* Release */ = {
			isa = XCBuildConfiguration;
			buildSettings = {
				ALWAYS_SEARCH_USER_PATHS = NO;
				CLANG_CXX_LANGUAGE_STANDARD = "gnu++0x";
				CLANG_CXX_LIBRARY = "libc++";
				CLANG_ENABLE_MODULES = YES;
				CLANG_ENABLE_OBJC_ARC = YES;
				CLANG_WARN_BOOL_CONVERSION = YES;
				CLANG_WARN_CONSTANT_CONVERSION = YES;
				CLANG_WARN_DIRECT_OBJC_ISA_USAGE = YES_ERROR;
				CLANG_WARN_EMPTY_BODY = YES;
				CLANG_WARN_ENUM_CONVERSION = YES;
				CLANG_WARN_INT_CONVERSION = YES;
				CLANG_WARN_OBJC_ROOT_CLASS = YES_ERROR;
				CLANG_WARN_UNREACHABLE_CODE = YES;
				CLANG_WARN__DUPLICATE_METHOD_MATCH = YES;
				"CODE_SIGN_IDENTITY[sdk=iphoneos*]" = "iPhone Developer";
				COPY_PHASE_STRIP = NO;
				DEBUG_INFORMATION_FORMAT = "dwarf-with-dsym";
				ENABLE_NS_ASSERTIONS = NO;
				ENABLE_STRICT_OBJC_MSGSEND = YES;
				GCC_C_LANGUAGE_STANDARD = gnu99;
				GCC_NO_COMMON_BLOCKS = YES;
				GCC_WARN_64_TO_32_BIT_CONVERSION = YES;
				GCC_WARN_ABOUT_RETURN_TYPE = YES_ERROR;
				GCC_WARN_UNDECLARED_SELECTOR = YES;
				GCC_WARN_UNINITIALIZED_AUTOS = YES_AGGRESSIVE;
				GCC_WARN_UNUSED_FUNCTION = YES;
				GCC_WARN_UNUSED_VARIABLE = YES;
				IPHONEOS_DEPLOYMENT_TARGET = 9.2;
				MTL_ENABLE_DEBUG_INFO = NO;
				SDKROOT = iphoneos;
				VALIDATE_PRODUCT = YES;
			};
			name = Release;
		};
		D06E09F11CDD148B004D51C0 /* Debug */ = {
			isa = XCBuildConfiguration;
			buildSettings = {
				ASSETCATALOG_COMPILER_APPICON_NAME = AppIcon;
				INFOPLIST_FILE = TrafficAlarmClock/Info.plist;
				IPHONEOS_DEPLOYMENT_TARGET = 9.2;
				LD_RUNPATH_SEARCH_PATHS = "$(inherited) @executable_path/Frameworks";
				PRODUCT_BUNDLE_IDENTIFIER = xinkecf35.TrafficAlarmClock;
				PRODUCT_NAME = "$(TARGET_NAME)";
				TARGETED_DEVICE_FAMILY = 1;
			};
			name = Debug;
		};
		D06E09F21CDD148B004D51C0 /* Release */ = {
			isa = XCBuildConfiguration;
			buildSettings = {
				ASSETCATALOG_COMPILER_APPICON_NAME = AppIcon;
				INFOPLIST_FILE = TrafficAlarmClock/Info.plist;
				IPHONEOS_DEPLOYMENT_TARGET = 9.2;
				LD_RUNPATH_SEARCH_PATHS = "$(inherited) @executable_path/Frameworks";
				PRODUCT_BUNDLE_IDENTIFIER = xinkecf35.TrafficAlarmClock;
				PRODUCT_NAME = "$(TARGET_NAME)";
				TARGETED_DEVICE_FAMILY = 1;
			};
			name = Release;
		};
		D06E09F41CDD148B004D51C0 /* Debug */ = {
			isa = XCBuildConfiguration;
			buildSettings = {
				BUNDLE_LOADER = "$(TEST_HOST)";
				INFOPLIST_FILE = TrafficAlarmClockTests/Info.plist;
				LD_RUNPATH_SEARCH_PATHS = "$(inherited) @executable_path/Frameworks @loader_path/Frameworks";
				PRODUCT_BUNDLE_IDENTIFIER = xinkecf35.TrafficAlarmClockTests;
				PRODUCT_NAME = "$(TARGET_NAME)";
				TEST_HOST = "$(BUILT_PRODUCTS_DIR)/TrafficAlarmClock.app/TrafficAlarmClock";
			};
			name = Debug;
		};
		D06E09F51CDD148B004D51C0 /* Release */ = {
			isa = XCBuildConfiguration;
			buildSettings = {
				BUNDLE_LOADER = "$(TEST_HOST)";
				INFOPLIST_FILE = TrafficAlarmClockTests/Info.plist;
				LD_RUNPATH_SEARCH_PATHS = "$(inherited) @executable_path/Frameworks @loader_path/Frameworks";
				PRODUCT_BUNDLE_IDENTIFIER = xinkecf35.TrafficAlarmClockTests;
				PRODUCT_NAME = "$(TARGET_NAME)";
				TEST_HOST = "$(BUILT_PRODUCTS_DIR)/TrafficAlarmClock.app/TrafficAlarmClock";
			};
			name = Release;
		};
		D06E09F71CDD148B004D51C0 /* Debug */ = {
			isa = XCBuildConfiguration;
			buildSettings = {
				INFOPLIST_FILE = TrafficAlarmClockUITests/Info.plist;
				LD_RUNPATH_SEARCH_PATHS = "$(inherited) @executable_path/Frameworks @loader_path/Frameworks";
				PRODUCT_BUNDLE_IDENTIFIER = xinkecf35.TrafficAlarmClockUITests;
				PRODUCT_NAME = "$(TARGET_NAME)";
				TEST_TARGET_NAME = TrafficAlarmClock;
				USES_XCTRUNNER = YES;
			};
			name = Debug;
		};
		D06E09F81CDD148B004D51C0 /* Release */ = {
			isa = XCBuildConfiguration;
			buildSettings = {
				INFOPLIST_FILE = TrafficAlarmClockUITests/Info.plist;
				LD_RUNPATH_SEARCH_PATHS = "$(inherited) @executable_path/Frameworks @loader_path/Frameworks";
				PRODUCT_BUNDLE_IDENTIFIER = xinkecf35.TrafficAlarmClockUITests;
				PRODUCT_NAME = "$(TARGET_NAME)";
				TEST_TARGET_NAME = TrafficAlarmClock;
				USES_XCTRUNNER = YES;
			};
			name = Release;
		};
/* End XCBuildConfiguration section */

/* Begin XCConfigurationList section */
		D06E09B81CDD148A004D51C0 /* Build configuration list for PBXProject "TrafficAlarmClock" */ = {
			isa = XCConfigurationList;
			buildConfigurations = (
				D06E09EE1CDD148B004D51C0 /* Debug */,
				D06E09EF1CDD148B004D51C0 /* Release */,
			);
			defaultConfigurationIsVisible = 0;
			defaultConfigurationName = Release;
		};
		D06E09F01CDD148B004D51C0 /* Build configuration list for PBXNativeTarget "TrafficAlarmClock" */ = {
			isa = XCConfigurationList;
			buildConfigurations = (
				D06E09F11CDD148B004D51C0 /* Debug */,
				D06E09F21CDD148B004D51C0 /* Release */,
			);
			defaultConfigurationIsVisible = 0;
			defaultConfigurationName = Release;
		};
		D06E09F31CDD148B004D51C0 /* Build configuration list for PBXNativeTarget "TrafficAlarmClockTests" */ = {
			isa = XCConfigurationList;
			buildConfigurations = (
				D06E09F41CDD148B004D51C0 /* Debug */,
				D06E09F51CDD148B004D51C0 /* Release */,
			);
			defaultConfigurationIsVisible = 0;
			defaultConfigurationName = Release;
		};
		D06E09F61CDD148B004D51C0 /* Build configuration list for PBXNativeTarget "TrafficAlarmClockUITests" */ = {
			isa = XCConfigurationList;
			buildConfigurations = (
				D06E09F71CDD148B004D51C0 /* Debug */,
				D06E09F81CDD148B004D51C0 /* Release */,
			);
			defaultConfigurationIsVisible = 0;
			defaultConfigurationName = Release;
		};
/* End XCConfigurationList section */

/* Begin XCVersionGroup section */
		D06E09C61CDD148A004D51C0 /* TrafficAlarmClock.xcdatamodeld */ = {
			isa = XCVersionGroup;
			children = (
				D06E09C71CDD148A004D51C0 /* TrafficAlarmClock.xcdatamodel */,
			);
			currentVersion = D06E09C71CDD148A004D51C0 /* TrafficAlarmClock.xcdatamodel */;
			path = TrafficAlarmClock.xcdatamodeld;
			sourceTree = "<group>";
			versionGroupType = wrapper.xcdatamodel;
		};
/* End XCVersionGroup section */
	};
	rootObject = D06E09B51CDD148A004D51C0 /* Project object */;
}
